
Microsoft Visual Studio Solution File, Format Version 12.00
# Visual Studio Version 17
VisualStudioVersion = 17.4.33110.190
MinimumVisualStudioVersion = 10.0.40219.1
Project("{FAE04EC0-301F-11D3-BF4B-00C04F79EFBC}") = "RRAlg_windform", "RRAlg_windform\RRAlg_windform.csproj", "{D1E0D396-0227-4638-BA20-7F1C48CA3D2B}"
EndProject
Global
	GlobalSection(SolutionConfigurationPlatforms) = preSolution
		Debug|Any CPU = Debug|Any CPU
		Release|Any CPU = Release|Any CPU
	EndGlobalSection
	GlobalSection(ProjectConfigurationPlatforms) = postSolution
		{D1E0D396-0227-4638-BA20-7F1C48CA3D2B}.Debug|Any CPU.ActiveCfg = Debug|Any CPU
		{D1E0D396-0227-4638-BA20-7F1C48CA3D2B}.Debug|Any CPU.Build.0 = Debug|Any CPU
		{D1E0D396-0227-4638-BA20-7F1C48CA3D2B}.Release|Any CPU.ActiveCfg = Release|Any CPU
		{D1E0D396-0227-4638-BA20-7F1C48CA3D2B}.Release|Any CPU.Build.0 = Release|Any CPU
	EndGlobalSection
	GlobalSection(SolutionProperties) = preSolution
		HideSolutionNode = FALSE
	EndGlobalSection
	GlobalSection(ExtensibilityGlobals) = postSolution
		SolutionGuid = {DF1D31DE-4034-48F5-9682-2EB28DCE111B}
	EndGlobalSection
EndGlobal
